// !$*UTF8*$!
{
	archiveVersion = 1;
	classes = {
	};
	objectVersion = 56;
	objects = {

/* Begin PBXBuildFile section */
		56BA9F752B9990C70005F390 /* AppDelegate.swift in Sources */ = {isa = PBXBuildFile; fileRef = 56BA9F742B9990C70005F390 /* AppDelegate.swift */; };
		56BA9F772B9990C70005F390 /* SceneDelegate.swift in Sources */ = {isa = PBXBuildFile; fileRef = 56BA9F762B9990C70005F390 /* SceneDelegate.swift */; };
		56BA9F792B9990C70005F390 /* DDateFormatter+Extensions.swift in Sources */ = {isa = PBXBuildFile; fileRef = 56BA9F782B9990C70005F390 /* DDateFormatter+Extensions.swift */; };
		56BA9F7C2B9990C70005F390 /* Main.storyboard in Resources */ = {isa = PBXBuildFile; fileRef = 56BA9F7A2B9990C70005F390 /* Main.storyboard */; };
		56BA9F7E2B9990C80005F390 /* Assets.xcassets in Resources */ = {isa = PBXBuildFile; fileRef = 56BA9F7D2B9990C80005F390 /* Assets.xcassets */; };
		56BA9F812B9990C80005F390 /* LaunchScreen.storyboard in Resources */ = {isa = PBXBuildFile; fileRef = 56BA9F7F2B9990C80005F390 /* LaunchScreen.storyboard */; };
		56BA9F8A2B9992DE0005F390 /* ParseSwift in Frameworks */ = {isa = PBXBuildFile; productRef = 56BA9F892B9992DE0005F390 /* ParseSwift */; };
		56BA9F8D2B9997270005F390 /* User.swift in Sources */ = {isa = PBXBuildFile; fileRef = 56BA9F8C2B9997270005F390 /* User.swift */; };
		56BA9F902B9A468C0005F390 /* LoginViewController.swift in Sources */ = {isa = PBXBuildFile; fileRef = 56BA9F8F2B9A468C0005F390 /* LoginViewController.swift */; };
		56BA9F922B9A46A40005F390 /* SignUpViewController.swift in Sources */ = {isa = PBXBuildFile; fileRef = 56BA9F912B9A46A40005F390 /* SignUpViewController.swift */; };
		56BA9F942B9A64E50005F390 /* Post.swift in Sources */ = {isa = PBXBuildFile; fileRef = 56BA9F932B9A64E50005F390 /* Post.swift */; };
		56BA9F972B9A65720005F390 /* FeedViewController.swift in Sources */ = {isa = PBXBuildFile; fileRef = 56BA9F962B9A65720005F390 /* FeedViewController.swift */; };
		56BA9F992B9A657F0005F390 /* PostCell.swift in Sources */ = {isa = PBXBuildFile; fileRef = 56BA9F982B9A657F0005F390 /* PostCell.swift */; };
		56BA9F9C2B9A66330005F390 /* Alamofire in Frameworks */ = {isa = PBXBuildFile; productRef = 56BA9F9B2B9A66330005F390 /* Alamofire */; };
		56BA9F9E2B9A66330005F390 /* AlamofireDynamic in Frameworks */ = {isa = PBXBuildFile; productRef = 56BA9F9D2B9A66330005F390 /* AlamofireDynamic */; };
		56BA9FA12B9A66B20005F390 /* AlamofireImage in Frameworks */ = {isa = PBXBuildFile; productRef = 56BA9FA02B9A66B20005F390 /* AlamofireImage */; };
		56BA9FA42B9A68BA0005F390 /* PostViewController.swift in Sources */ = {isa = PBXBuildFile; fileRef = 56BA9FA32B9A68BA0005F390 /* PostViewController.swift */; };
/* End PBXBuildFile section */

/* Begin PBXFileReference section */
		56BA9F712B9990C70005F390 /* Be_Real.app */ = {isa = PBXFileReference; explicitFileType = wrapper.application; includeInIndex = 0; path = Be_Real.app; sourceTree = BUILT_PRODUCTS_DIR; };
		56BA9F742B9990C70005F390 /* AppDelegate.swift */ = {isa = PBXFileReference; lastKnownFileType = sourcecode.swift; path = AppDelegate.swift; sourceTree = "<group>"; };
		56BA9F762B9990C70005F390 /* SceneDelegate.swift */ = {isa = PBXFileReference; lastKnownFileType = sourcecode.swift; path = SceneDelegate.swift; sourceTree = "<group>"; };
		56BA9F782B9990C70005F390 /* DDateFormatter+Extensions.swift */ = {isa = PBXFileReference; lastKnownFileType = sourcecode.swift; path = "DDateFormatter+Extensions.swift"; sourceTree = "<group>"; };
		56BA9F7B2B9990C70005F390 /* Base */ = {isa = PBXFileReference; lastKnownFileType = file.storyboard; name = Base; path = Base.lproj/Main.storyboard; sourceTree = "<group>"; };
		56BA9F7D2B9990C80005F390 /* Assets.xcassets */ = {isa = PBXFileReference; lastKnownFileType = folder.assetcatalog; path = Assets.xcassets; sourceTree = "<group>"; };
		56BA9F802B9990C80005F390 /* Base */ = {isa = PBXFileReference; lastKnownFileType = file.storyboard; name = Base; path = Base.lproj/LaunchScreen.storyboard; sourceTree = "<group>"; };
		56BA9F822B9990C80005F390 /* Info.plist */ = {isa = PBXFileReference; lastKnownFileType = text.plist.xml; path = Info.plist; sourceTree = "<group>"; };
		56BA9F8C2B9997270005F390 /* User.swift */ = {isa = PBXFileReference; lastKnownFileType = sourcecode.swift; path = User.swift; sourceTree = "<group>"; };
		56BA9F8F2B9A468C0005F390 /* LoginViewController.swift */ = {isa = PBXFileReference; lastKnownFileType = sourcecode.swift; path = LoginViewController.swift; sourceTree = "<group>"; };
		56BA9F912B9A46A40005F390 /* SignUpViewController.swift */ = {isa = PBXFileReference; lastKnownFileType = sourcecode.swift; path = SignUpViewController.swift; sourceTree = "<group>"; };
		56BA9F932B9A64E50005F390 /* Post.swift */ = {isa = PBXFileReference; lastKnownFileType = sourcecode.swift; path = Post.swift; sourceTree = "<group>"; };
		56BA9F962B9A65720005F390 /* FeedViewController.swift */ = {isa = PBXFileReference; lastKnownFileType = sourcecode.swift; path = FeedViewController.swift; sourceTree = "<group>"; };
		56BA9F982B9A657F0005F390 /* PostCell.swift */ = {isa = PBXFileReference; lastKnownFileType = sourcecode.swift; path = PostCell.swift; sourceTree = "<group>"; };
		56BA9FA32B9A68BA0005F390 /* PostViewController.swift */ = {isa = PBXFileReference; lastKnownFileType = sourcecode.swift; path = PostViewController.swift; sourceTree = "<group>"; };
/* End PBXFileReference section */

/* Begin PBXFrameworksBuildPhase section */
		56BA9F6E2B9990C70005F390 /* Frameworks */ = {
			isa = PBXFrameworksBuildPhase;
			buildActionMask = 2147483647;
			files = (
				56BA9F8A2B9992DE0005F390 /* ParseSwift in Frameworks */,
				56BA9FA12B9A66B20005F390 /* AlamofireImage in Frameworks */,
				56BA9F9E2B9A66330005F390 /* AlamofireDynamic in Frameworks */,
				56BA9F9C2B9A66330005F390 /* Alamofire in Frameworks */,
			);
			runOnlyForDeploymentPostprocessing = 0;
		};
/* End PBXFrameworksBuildPhase section */

/* Begin PBXGroup section */
		56BA9F682B9990C70005F390 = {
			isa = PBXGroup;
			children = (
				56BA9F732B9990C70005F390 /* Be_Real */,
				56BA9F722B9990C70005F390 /* Products */,
			);
			sourceTree = "<group>";
		};
		56BA9F722B9990C70005F390 /* Products */ = {
			isa = PBXGroup;
			children = (
				56BA9F712B9990C70005F390 /* Be_Real.app */,
			);
			name = Products;
			sourceTree = "<group>";
		};
		56BA9F732B9990C70005F390 /* Be_Real */ = {
			isa = PBXGroup;
			children = (
				56BA9F742B9990C70005F390 /* AppDelegate.swift */,
				56BA9F762B9990C70005F390 /* SceneDelegate.swift */,
				56BA9F8B2B9996FD0005F390 /* Models */,
				56BA9F8E2B9A464F0005F390 /* Login */,
				56BA9F952B9A65530005F390 /* Feed */,
				56BA9FA22B9A687F0005F390 /* Post */,
				56BA9FA52B9A69020005F390 /* Extensions */,
				56BA9F7A2B9990C70005F390 /* Main.storyboard */,
				56BA9F7D2B9990C80005F390 /* Assets.xcassets */,
				56BA9F7F2B9990C80005F390 /* LaunchScreen.storyboard */,
				56BA9F822B9990C80005F390 /* Info.plist */,
			);
			path = Be_Real;
			sourceTree = "<group>";
		};
		56BA9F8B2B9996FD0005F390 /* Models */ = {
			isa = PBXGroup;
			children = (
				56BA9F8C2B9997270005F390 /* User.swift */,
				56BA9F932B9A64E50005F390 /* Post.swift */,
			);
			path = Models;
			sourceTree = "<group>";
		};
		56BA9F8E2B9A464F0005F390 /* Login */ = {
			isa = PBXGroup;
			children = (
				56BA9F8F2B9A468C0005F390 /* LoginViewController.swift */,
				56BA9F912B9A46A40005F390 /* SignUpViewController.swift */,
			);
			path = Login;
			sourceTree = "<group>";
		};
		56BA9F952B9A65530005F390 /* Feed */ = {
			isa = PBXGroup;
			children = (
				56BA9F962B9A65720005F390 /* FeedViewController.swift */,
				56BA9F982B9A657F0005F390 /* PostCell.swift */,
			);
			path = Feed;
			sourceTree = "<group>";
		};
		56BA9FA22B9A687F0005F390 /* Post */ = {
			isa = PBXGroup;
			children = (
				56BA9FA32B9A68BA0005F390 /* PostViewController.swift */,
			);
			path = Post;
			sourceTree = "<group>";
		};
		56BA9FA52B9A69020005F390 /* Extensions */ = {
			isa = PBXGroup;
			children = (
				56BA9F782B9990C70005F390 /* DDateFormatter+Extensions.swift */,
			);
			path = Extensions;
			sourceTree = "<group>";
		};
/* End PBXGroup section */

/* Begin PBXNativeTarget section */
		56BA9F702B9990C70005F390 /* Be_Real */ = {
			isa = PBXNativeTarget;
			buildConfigurationList = 56BA9F852B9990C80005F390 /* Build configuration list for PBXNativeTarget "Be_Real" */;
			buildPhases = (
				56BA9F6D2B9990C70005F390 /* Sources */,
				56BA9F6E2B9990C70005F390 /* Frameworks */,
				56BA9F6F2B9990C70005F390 /* Resources */,
			);
			buildRules = (
			);
			dependencies = (
			);
			name = Be_Real;
			packageProductDependencies = (
				56BA9F892B9992DE0005F390 /* ParseSwift */,
				56BA9F9B2B9A66330005F390 /* Alamofire */,
				56BA9F9D2B9A66330005F390 /* AlamofireDynamic */,
				56BA9FA02B9A66B20005F390 /* AlamofireImage */,
			);
			productName = Be_Real;
			productReference = 56BA9F712B9990C70005F390 /* Be_Real.app */;
			productType = "com.apple.product-type.application";
		};
/* End PBXNativeTarget section */

/* Begin PBXProject section */
		56BA9F692B9990C70005F390 /* Project object */ = {
			isa = PBXProject;
			attributes = {
				BuildIndependentTargetsInParallel = 1;
				LastSwiftUpdateCheck = 1520;
				LastUpgradeCheck = 1520;
				TargetAttributes = {
					56BA9F702B9990C70005F390 = {
						CreatedOnToolsVersion = 15.2;
					};
				};
			};
			buildConfigurationList = 56BA9F6C2B9990C70005F390 /* Build configuration list for PBXProject "Be_Real" */;
			compatibilityVersion = "Xcode 14.0";
			developmentRegion = en;
			hasScannedForEncodings = 0;
			knownRegions = (
				en,
				Base,
			);
			mainGroup = 56BA9F682B9990C70005F390;
			packageReferences = (
				56BA9F882B9992DE0005F390 /* XCRemoteSwiftPackageReference "Parse-Swift" */,
				56BA9F9A2B9A66330005F390 /* XCRemoteSwiftPackageReference "Alamofire" */,
				56BA9F9F2B9A66B20005F390 /* XCRemoteSwiftPackageReference "AlamofireImage" */,
			);
			productRefGroup = 56BA9F722B9990C70005F390 /* Products */;
			projectDirPath = "";
			projectRoot = "";
			targets = (
				56BA9F702B9990C70005F390 /* Be_Real */,
			);
		};
/* End PBXProject section */

/* Begin PBXResourcesBuildPhase section */
		56BA9F6F2B9990C70005F390 /* Resources */ = {
			isa = PBXResourcesBuildPhase;
			buildActionMask = 2147483647;
			files = (
				56BA9F812B9990C80005F390 /* LaunchScreen.storyboard in Resources */,
				56BA9F7E2B9990C80005F390 /* Assets.xcassets in Resources */,
				56BA9F7C2B9990C70005F390 /* Main.storyboard in Resources */,
			);
			runOnlyForDeploymentPostprocessing = 0;
		};
/* End PBXResourcesBuildPhase section */

/* Begin PBXSourcesBuildPhase section */
		56BA9F6D2B9990C70005F390 /* Sources */ = {
			isa = PBXSourcesBuildPhase;
			buildActionMask = 2147483647;
			files = (
				56BA9F922B9A46A40005F390 /* SignUpViewController.swift in Sources */,
				56BA9F8D2B9997270005F390 /* User.swift in Sources */,
				56BA9F792B9990C70005F390 /* DDateFormatter+Extensions.swift in Sources */,
				56BA9F752B9990C70005F390 /* AppDelegate.swift in Sources */,
				56BA9FA42B9A68BA0005F390 /* PostViewController.swift in Sources */,
				56BA9F902B9A468C0005F390 /* LoginViewController.swift in Sources */,
				56BA9F992B9A657F0005F390 /* PostCell.swift in Sources */,
				56BA9F942B9A64E50005F390 /* Post.swift in Sources */,
				56BA9F972B9A65720005F390 /* FeedViewController.swift in Sources */,
				56BA9F772B9990C70005F390 /* SceneDelegate.swift in Sources */,
			);
			runOnlyForDeploymentPostprocessing = 0;
		};
/* End PBXSourcesBuildPhase section */

/* Begin PBXVariantGroup section */
		56BA9F7A2B9990C70005F390 /* Main.storyboard */ = {
			isa = PBXVariantGroup;
			children = (
				56BA9F7B2B9990C70005F390 /* Base */,
			);
			name = Main.storyboard;
			sourceTree = "<group>";
		};
		56BA9F7F2B9990C80005F390 /* LaunchScreen.storyboard */ = {
			isa = PBXVariantGroup;
			children = (
				56BA9F802B9990C80005F390 /* Base */,
			);
			name = LaunchScreen.storyboard;
			sourceTree = "<group>";
		};
/* End PBXVariantGroup section */

/* Begin XCBuildConfiguration section */
		56BA9F832B9990C80005F390 /* Debug */ = {
			isa = XCBuildConfiguration;
			buildSettings = {
				ALWAYS_SEARCH_USER_PATHS = NO;
				ASSETCATALOG_COMPILER_GENERATE_SWIFT_ASSET_SYMBOL_EXTENSIONS = YES;
				CLANG_ANALYZER_NONNULL = YES;
				CLANG_ANALYZER_NUMBER_OBJECT_CONVERSION = YES_AGGRESSIVE;
				CLANG_CXX_LANGUAGE_STANDARD = "gnu++20";
				CLANG_ENABLE_MODULES = YES;
				CLANG_ENABLE_OBJC_ARC = YES;
				CLANG_ENABLE_OBJC_WEAK = YES;
				CLANG_WARN_BLOCK_CAPTURE_AUTORELEASING = YES;
				CLANG_WARN_BOOL_CONVERSION = YES;
				CLANG_WARN_COMMA = YES;
				CLANG_WARN_CONSTANT_CONVERSION = YES;
				CLANG_WARN_DEPRECATED_OBJC_IMPLEMENTATIONS = YES;
				CLANG_WARN_DIRECT_OBJC_ISA_USAGE = YES_ERROR;
				CLANG_WARN_DOCUMENTATION_COMMENTS = YES;
				CLANG_WARN_EMPTY_BODY = YES;
				CLANG_WARN_ENUM_CONVERSION = YES;
				CLANG_WARN_INFINITE_RECURSION = YES;
				CLANG_WARN_INT_CONVERSION = YES;
				CLANG_WARN_NON_LITERAL_NULL_CONVERSION = YES;
				CLANG_WARN_OBJC_IMPLICIT_RETAIN_SELF = YES;
				CLANG_WARN_OBJC_LITERAL_CONVERSION = YES;
				CLANG_WARN_OBJC_ROOT_CLASS = YES_ERROR;
				CLANG_WARN_QUOTED_INCLUDE_IN_FRAMEWORK_HEADER = YES;
				CLANG_WARN_RANGE_LOOP_ANALYSIS = YES;
				CLANG_WARN_STRICT_PROTOTYPES = YES;
				CLANG_WARN_SUSPICIOUS_MOVE = YES;
				CLANG_WARN_UNGUARDED_AVAILABILITY = YES_AGGRESSIVE;
				CLANG_WARN_UNREACHABLE_CODE = YES;
				CLANG_WARN__DUPLICATE_METHOD_MATCH = YES;
				COPY_PHASE_STRIP = NO;
				DEBUG_INFORMATION_FORMAT = dwarf;
				ENABLE_STRICT_OBJC_MSGSEND = YES;
				ENABLE_TESTABILITY = YES;
				ENABLE_USER_SCRIPT_SANDBOXING = YES;
				GCC_C_LANGUAGE_STANDARD = gnu17;
				GCC_DYNAMIC_NO_PIC = NO;
				GCC_NO_COMMON_BLOCKS = YES;
				GCC_OPTIMIZATION_LEVEL = 0;
				GCC_PREPROCESSOR_DEFINITIONS = (
					"DEBUG=1",
					"$(inherited)",
				);
				GCC_WARN_64_TO_32_BIT_CONVERSION = YES;
				GCC_WARN_ABOUT_RETURN_TYPE = YES_ERROR;
				GCC_WARN_UNDECLARED_SELECTOR = YES;
				GCC_WARN_UNINITIALIZED_AUTOS = YES_AGGRESSIVE;
				GCC_WARN_UNUSED_FUNCTION = YES;
				GCC_WARN_UNUSED_VARIABLE = YES;
				IPHONEOS_DEPLOYMENT_TARGET = 17.2;
				LOCALIZATION_PREFERS_STRING_CATALOGS = YES;
				MTL_ENABLE_DEBUG_INFO = INCLUDE_SOURCE;
				MTL_FAST_MATH = YES;
				ONLY_ACTIVE_ARCH = YES;
				SDKROOT = iphoneos;
				SWIFT_ACTIVE_COMPILATION_CONDITIONS = "DEBUG $(inherited)";
				SWIFT_OPTIMIZATION_LEVEL = "-Onone";
			};
			name = Debug;
		};
		56BA9F842B9990C80005F390 /* Release */ = {
			isa = XCBuildConfiguration;
			buildSettings = {
				ALWAYS_SEARCH_USER_PATHS = NO;
				ASSETCATALOG_COMPILER_GENERATE_SWIFT_ASSET_SYMBOL_EXTENSIONS = YES;
				CLANG_ANALYZER_NONNULL = YES;
				CLANG_ANALYZER_NUMBER_OBJECT_CONVERSION = YES_AGGRESSIVE;
				CLANG_CXX_LANGUAGE_STANDARD = "gnu++20";
				CLANG_ENABLE_MODULES = YES;
				CLANG_ENABLE_OBJC_ARC = YES;
				CLANG_ENABLE_OBJC_WEAK = YES;
				CLANG_WARN_BLOCK_CAPTURE_AUTORELEASING = YES;
				CLANG_WARN_BOOL_CONVERSION = YES;
				CLANG_WARN_COMMA = YES;
				CLANG_WARN_CONSTANT_CONVERSION = YES;
				CLANG_WARN_DEPRECATED_OBJC_IMPLEMENTATIONS = YES;
				CLANG_WARN_DIRECT_OBJC_ISA_USAGE = YES_ERROR;
				CLANG_WARN_DOCUMENTATION_COMMENTS = YES;
				CLANG_WARN_EMPTY_BODY = YES;
				CLANG_WARN_ENUM_CONVERSION = YES;
				CLANG_WARN_INFINITE_RECURSION = YES;
				CLANG_WARN_INT_CONVERSION = YES;
				CLANG_WARN_NON_LITERAL_NULL_CONVERSION = YES;
				CLANG_WARN_OBJC_IMPLICIT_RETAIN_SELF = YES;
				CLANG_WARN_OBJC_LITERAL_CONVERSION = YES;
				CLANG_WARN_OBJC_ROOT_CLASS = YES_ERROR;
				CLANG_WARN_QUOTED_INCLUDE_IN_FRAMEWORK_HEADER = YES;
				CLANG_WARN_RANGE_LOOP_ANALYSIS = YES;
				CLANG_WARN_STRICT_PROTOTYPES = YES;
				CLANG_WARN_SUSPICIOUS_MOVE = YES;
				CLANG_WARN_UNGUARDED_AVAILABILITY = YES_AGGRESSIVE;
				CLANG_WARN_UNREACHABLE_CODE = YES;
				CLANG_WARN__DUPLICATE_METHOD_MATCH = YES;
				COPY_PHASE_STRIP = NO;
				DEBUG_INFORMATION_FORMAT = "dwarf-with-dsym";
				ENABLE_NS_ASSERTIONS = NO;
				ENABLE_STRICT_OBJC_MSGSEND = YES;
				ENABLE_USER_SCRIPT_SANDBOXING = YES;
				GCC_C_LANGUAGE_STANDARD = gnu17;
				GCC_NO_COMMON_BLOCKS = YES;
				GCC_WARN_64_TO_32_BIT_CONVERSION = YES;
				GCC_WARN_ABOUT_RETURN_TYPE = YES_ERROR;
				GCC_WARN_UNDECLARED_SELECTOR = YES;
				GCC_WARN_UNINITIALIZED_AUTOS = YES_AGGRESSIVE;
				GCC_WARN_UNUSED_FUNCTION = YES;
				GCC_WARN_UNUSED_VARIABLE = YES;
				IPHONEOS_DEPLOYMENT_TARGET = 17.2;
				LOCALIZATION_PREFERS_STRING_CATALOGS = YES;
				MTL_ENABLE_DEBUG_INFO = NO;
				MTL_FAST_MATH = YES;
				SDKROOT = iphoneos;
				SWIFT_COMPILATION_MODE = wholemodule;
				VALIDATE_PRODUCT = YES;
			};
			name = Release;
		};
		56BA9F862B9990C80005F390 /* Debug */ = {
			isa = XCBuildConfiguration;
			buildSettings = {
				ASSETCATALOG_COMPILER_APPICON_NAME = AppIcon;
				ASSETCATALOG_COMPILER_GLOBAL_ACCENT_COLOR_NAME = AccentColor;
				CODE_SIGN_STYLE = Automatic;
				CURRENT_PROJECT_VERSION = 1;
				GENERATE_INFOPLIST_FILE = YES;
				INFOPLIST_FILE = Be_Real/Info.plist;
				INFOPLIST_KEY_UIApplicationSupportsIndirectInputEvents = YES;
				INFOPLIST_KEY_UILaunchStoryboardName = LaunchScreen;
				INFOPLIST_KEY_UIMainStoryboardFile = Main;
				INFOPLIST_KEY_UISupportedInterfaceOrientations_iPad = "UIInterfaceOrientationPortrait UIInterfaceOrientationPortraitUpsideDown UIInterfaceOrientationLandscapeLeft UIInterfaceOrientationLandscapeRight";
				INFOPLIST_KEY_UISupportedInterfaceOrientations_iPhone = "UIInterfaceOrientationPortrait UIInterfaceOrientationLandscapeLeft UIInterfaceOrientationLandscapeRight";
				LD_RUNPATH_SEARCH_PATHS = (
					"$(inherited)",
					"@executable_path/Frameworks",
				);
				MARKETING_VERSION = 1.0;
				PRODUCT_BUNDLE_IDENTIFIER = "Bender.Be-Real";
				PRODUCT_NAME = "$(TARGET_NAME)";
				SWIFT_EMIT_LOC_STRINGS = YES;
				SWIFT_VERSION = 5.0;
				TARGETED_DEVICE_FAMILY = "1,2";
			};
			name = Debug;
		};
		56BA9F872B9990C80005F390 /* Release */ = {
			isa = XCBuildConfiguration;
			buildSettings = {
				ASSETCATALOG_COMPILER_APPICON_NAME = AppIcon;
				ASSETCATALOG_COMPILER_GLOBAL_ACCENT_COLOR_NAME = AccentColor;
				CODE_SIGN_STYLE = Automatic;
				CURRENT_PROJECT_VERSION = 1;
				GENERATE_INFOPLIST_FILE = YES;
				INFOPLIST_FILE = Be_Real/Info.plist;
				INFOPLIST_KEY_UIApplicationSupportsIndirectInputEvents = YES;
				INFOPLIST_KEY_UILaunchStoryboardName = LaunchScreen;
				INFOPLIST_KEY_UIMainStoryboardFile = Main;
				INFOPLIST_KEY_UISupportedInterfaceOrientations_iPad = "UIInterfaceOrientationPortrait UIInterfaceOrientationPortraitUpsideDown UIInterfaceOrientationLandscapeLeft UIInterfaceOrientationLandscapeRight";
				INFOPLIST_KEY_UISupportedInterfaceOrientations_iPhone = "UIInterfaceOrientationPortrait UIInterfaceOrientationLandscapeLeft UIInterfaceOrientationLandscapeRight";
				LD_RUNPATH_SEARCH_PATHS = (
					"$(inherited)",
					"@executable_path/Frameworks",
				);
				MARKETING_VERSION = 1.0;
				PRODUCT_BUNDLE_IDENTIFIER = "Bender.Be-Real";
				PRODUCT_NAME = "$(TARGET_NAME)";
				SWIFT_EMIT_LOC_STRINGS = YES;
				SWIFT_VERSION = 5.0;
				TARGETED_DEVICE_FAMILY = "1,2";
			};
			name = Release;
		};
/* End XCBuildConfiguration section */

/* Begin XCConfigurationList section */
		56BA9F6C2B9990C70005F390 /* Build configuration list for PBXProject "Be_Real" */ = {
			isa = XCConfigurationList;
			buildConfigurations = (
				56BA9F832B9990C80005F390 /* Debug */,
				56BA9F842B9990C80005F390 /* Release */,
			);
			defaultConfigurationIsVisible = 0;
			defaultConfigurationName = Release;
		};
		56BA9F852B9990C80005F390 /* Build configuration list for PBXNativeTarget "Be_Real" */ = {
			isa = XCConfigurationList;
			buildConfigurations = (
				56BA9F862B9990C80005F390 /* Debug */,
				56BA9F872B9990C80005F390 /* Release */,
			);
			defaultConfigurationIsVisible = 0;
			defaultConfigurationName = Release;
		};
/* End XCConfigurationList section */

/* Begin XCRemoteSwiftPackageReference section */
		56BA9F882B9992DE0005F390 /* XCRemoteSwiftPackageReference "Parse-Swift" */ = {
			isa = XCRemoteSwiftPackageReference;
			repositoryURL = "https://github.com/parse-community/Parse-Swift";
			requirement = {
				kind = upToNextMajorVersion;
				minimumVersion = 4.14.2;
			};
		};
		56BA9F9A2B9A66330005F390 /* XCRemoteSwiftPackageReference "Alamofire" */ = {
			isa = XCRemoteSwiftPackageReference;
			repositoryURL = "https://github.com/Alamofire/Alamofire";
			requirement = {
				kind = upToNextMajorVersion;
				minimumVersion = 5.9.0;
			};
		};
		56BA9F9F2B9A66B20005F390 /* XCRemoteSwiftPackageReference "AlamofireImage" */ = {
			isa = XCRemoteSwiftPackageReference;
			repositoryURL = "https://github.com/Alamofire/AlamofireImage.git";
			requirement = {
				kind = upToNextMajorVersion;
				minimumVersion = 4.3.0;
			};
		};
/* End XCRemoteSwiftPackageReference section */

/* Begin XCSwiftPackageProductDependency section */
		56BA9F892B9992DE0005F390 /* ParseSwift */ = {
			isa = XCSwiftPackageProductDependency;
			package = 56BA9F882B9992DE0005F390 /* XCRemoteSwiftPackageReference "Parse-Swift" */;
			productName = ParseSwift;
		};
		56BA9F9B2B9A66330005F390 /* Alamofire */ = {
			isa = XCSwiftPackageProductDependency;
			package = 56BA9F9A2B9A66330005F390 /* XCRemoteSwiftPackageReference "Alamofire" */;
			productName = Alamofire;
		};
		56BA9F9D2B9A66330005F390 /* AlamofireDynamic */ = {
			isa = XCSwiftPackageProductDependency;
			package = 56BA9F9A2B9A66330005F390 /* XCRemoteSwiftPackageReference "Alamofire" */;
			productName = AlamofireDynamic;
		};
		56BA9FA02B9A66B20005F390 /* AlamofireImage */ = {
			isa = XCSwiftPackageProductDependency;
			package = 56BA9F9F2B9A66B20005F390 /* XCRemoteSwiftPackageReference "AlamofireImage" */;
			productName = AlamofireImage;
		};
/* End XCSwiftPackageProductDependency section */
	};
	rootObject = 56BA9F692B9990C70005F390 /* Project object */;
}
